{
  "name": "ai-knowledge-assistant",
  "version": "1.0.0",
  "lockfileVersion": 3,
  "requires": true,
  "packages": {
    "": {
      "name": "ai-knowledge-assistant",
      "version": "1.0.0",
      "license": "ISC",
      "dependencies": {
        "create-next-app": "^16.3.1"
      }
    },
    "node_modules/create-next-app": {
      "version": "16.3.1",
      "resolved": "https://registry.npmjs.org/create-next-app/-/create-next-app-16.3.1.tgz",
      "integrity": "sha512-53k7l0Z3WkJgL+Q/VsEE0g93hcSog0gmWVOMEv2OvYrD9OidTHbH/JSayHru0ryZsXzPTF7c3SFMHUmISK2uyw==",
      "license": "MIT",
      "bin": {
        "create-next-app": "dist/index.js"
      },
      "engines": {
        "node": ">=20.9.0"
      }
    }
  }
}
